{
  "object": {
    "pins": [
      {
        "package": "JSONRPC",
        "repositoryURL": "https://github.com/ChimeHQ/JSONRPC",
        "state": {
          "branch": null,
          "revision": "1ae27fceaec3208f62b3ef23d2d565d4222c3ac6",
          "version": "0.8.1"
        }
      }
    ]
  },
  "version": 1
}
