{
  "object": {
    "pins": [
      {
        "package": "AnyCodable",
        "repositoryURL": "https://github.com/Flight-School/AnyCodable",
        "state": {
          "branch": null,
          "revision": "b1a7a8a6186f2fcb28f7bda67cfc545de48b3c80",
          "version": "0.6.2"
        }
      },
      {
        "package": "JSONRPC",
        "repositoryURL": "https://github.com/ChimeHQ/JSONRPC",
        "state": {
          "branch": null,
          "revision": "d6b33c3242e71fde51bbcf1b920f85a387577a2f",
          "version": "0.4.0"
        }
      }
    ]
  },
  "version": 1
}
