{
  "object": {
    "pins": [
      {
        "package": "JSONRPC",
        "repositoryURL": "https://github.com/ChimeHQ/JSONRPC",
        "state": {
          "branch": null,
          "revision": "306acbe0de2e87e4f6c1dc3901613aa9df293754",
          "version": null
        }
      }
    ]
  },
  "version": 1
}
